PODS:
  - Realm (0.94.0):
    - Realm/Headers (= 0.94.0)
  - Realm/Headers (0.94.0)
  - RealmSwift (0.94.0):
    - Realm (= 0.94.0)

DEPENDENCIES:
  - Realm (from `https://github.com/realm/realm-cocoa.git`, branch `swift-2.0`)
  - RealmSwift (from `https://github.com/realm/realm-cocoa.git`, branch `swift-2.0`)

EXTERNAL SOURCES:
  Realm:
    :branch: swift-2.0
    :git: https://github.com/realm/realm-cocoa.git
  RealmSwift:
    :branch: swift-2.0
    :git: https://github.com/realm/realm-cocoa.git

CHECKOUT OPTIONS:
  Realm:
    :commit: 38f9c6e9ad742a6eb32a95782bad8784a5df5ecd
    :git: https://github.com/realm/realm-cocoa.git
  RealmSwift:
    :commit: 38f9c6e9ad742a6eb32a95782bad8784a5df5ecd
    :git: https://github.com/realm/realm-cocoa.git

SPEC CHECKSUMS:
  Realm: a046149653e0ca220b65b5783da907aa5b74d86c
  RealmSwift: f944bd30c6f116e553f63cd311d255c823e14549

COCOAPODS: 0.38.2
